// !$*UTF8*$!
{
	archiveVersion = 1;
	classes = {
	};
	objectVersion = 56;
	objects = {

/* Begin PBXBuildFile section */
		AD9751762927A7BE00785F97 /* packApp.swift in Sources */ = {isa = PBXBuildFile; fileRef = AD9751752927A7BE00785F97 /* packApp.swift */; };
		AD9751782927A7BE00785F97 /* ContentView.swift in Sources */ = {isa = PBXBuildFile; fileRef = AD9751772927A7BE00785F97 /* ContentView.swift */; };
		AD97517A2927A7BF00785F97 /* Assets.xcassets in Resources */ = {isa = PBXBuildFile; fileRef = AD9751792927A7BF00785F97 /* Assets.xcassets */; };
		AD97517D2927A7BF00785F97 /* Preview Assets.xcassets in Resources */ = {isa = PBXBuildFile; fileRef = AD97517C2927A7BF00785F97 /* Preview Assets.xcassets */; };
		AD9751872927A7BF00785F97 /* packTests.swift in Sources */ = {isa = PBXBuildFile; fileRef = AD9751862927A7BF00785F97 /* packTests.swift */; };
		AD9751912927A7BF00785F97 /* packUITests.swift in Sources */ = {isa = PBXBuildFile; fileRef = AD9751902927A7BF00785F97 /* packUITests.swift */; };
		AD9751932927A7BF00785F97 /* packUITestsLaunchTests.swift in Sources */ = {isa = PBXBuildFile; fileRef = AD9751922927A7BF00785F97 /* packUITestsLaunchTests.swift */; };
/* End PBXBuildFile section */

/* Begin PBXContainerItemProxy section */
		AD9751832927A7BF00785F97 /* PBXContainerItemProxy */ = {
			isa = PBXContainerItemProxy;
			containerPortal = AD97516A2927A7BE00785F97 /* Project object */;
			proxyType = 1;
			remoteGlobalIDString = AD9751712927A7BE00785F97;
			remoteInfo = pack;
		};
		AD97518D2927A7BF00785F97 /* PBXContainerItemProxy */ = {
			isa = PBXContainerItemProxy;
			containerPortal = AD97516A2927A7BE00785F97 /* Project object */;
			proxyType = 1;
			remoteGlobalIDString = AD9751712927A7BE00785F97;
			remoteInfo = pack;
		};
/* End PBXContainerItemProxy section */

/* Begin PBXFileReference section */
		AD9751722927A7BE00785F97 /* pack.app */ = {isa = PBXFileReference; explicitFileType = wrapper.application; includeInIndex = 0; path = pack.app; sourceTree = BUILT_PRODUCTS_DIR; };
		AD9751752927A7BE00785F97 /* packApp.swift */ = {isa = PBXFileReference; lastKnownFileType = sourcecode.swift; path = packApp.swift; sourceTree = "<group>"; };
		AD9751772927A7BE00785F97 /* ContentView.swift */ = {isa = PBXFileReference; lastKnownFileType = sourcecode.swift; path = ContentView.swift; sourceTree = "<group>"; };
		AD9751792927A7BF00785F97 /* Assets.xcassets */ = {isa = PBXFileReference; lastKnownFileType = folder.assetcatalog; path = Assets.xcassets; sourceTree = "<group>"; };
		AD97517C2927A7BF00785F97 /* Preview Assets.xcassets */ = {isa = PBXFileReference; lastKnownFileType = folder.assetcatalog; path = "Preview Assets.xcassets"; sourceTree = "<group>"; };
		AD9751822927A7BF00785F97 /* packTests.xctest */ = {isa = PBXFileReference; explicitFileType = wrapper.cfbundle; includeInIndex = 0; path = packTests.xctest; sourceTree = BUILT_PRODUCTS_DIR; };
		AD9751862927A7BF00785F97 /* packTests.swift */ = {isa = PBXFileReference; lastKnownFileType = sourcecode.swift; path = packTests.swift; sourceTree = "<group>"; };
		AD97518C2927A7BF00785F97 /* packUITests.xctest */ = {isa = PBXFileReference; explicitFileType = wrapper.cfbundle; includeInIndex = 0; path = packUITests.xctest; sourceTree = BUILT_PRODUCTS_DIR; };
		AD9751902927A7BF00785F97 /* packUITests.swift */ = {isa = PBXFileReference; lastKnownFileType = sourcecode.swift; path = packUITests.swift; sourceTree = "<group>"; };
		AD9751922927A7BF00785F97 /* packUITestsLaunchTests.swift */ = {isa = PBXFileReference; lastKnownFileType = sourcecode.swift; path = packUITestsLaunchTests.swift; sourceTree = "<group>"; };
/* End PBXFileReference section */

/* Begin PBXFrameworksBuildPhase section */
		AD97516F2927A7BE00785F97 /* Frameworks */ = {
			isa = PBXFrameworksBuildPhase;
			buildActionMask = 2147483647;
			files = (
			);
			runOnlyForDeploymentPostprocessing = 0;
		};
		AD97517F2927A7BF00785F97 /* Frameworks */ = {
			isa = PBXFrameworksBuildPhase;
			buildActionMask = 2147483647;
			files = (
			);
			runOnlyForDeploymentPostprocessing = 0;
		};
		AD9751892927A7BF00785F97 /* Frameworks */ = {
			isa = PBXFrameworksBuildPhase;
			buildActionMask = 2147483647;
			files = (
			);
			runOnlyForDeploymentPostprocessing = 0;
		};
/* End PBXFrameworksBuildPhase section */

/* Begin PBXGroup section */
		AD9751692927A7BE00785F97 = {
			isa = PBXGroup;
			children = (
				AD9751742927A7BE00785F97 /* pack */,
				AD9751852927A7BF00785F97 /* packTests */,
				AD97518F2927A7BF00785F97 /* packUITests */,
				AD9751732927A7BE00785F97 /* Products */,
			);
			sourceTree = "<group>";
		};
		AD9751732927A7BE00785F97 /* Products */ = {
			isa = PBXGroup;
			children = (
				AD9751722927A7BE00785F97 /* pack.app */,
				AD9751822927A7BF00785F97 /* packTests.xctest */,
				AD97518C2927A7BF00785F97 /* packUITests.xctest */,
			);
			name = Products;
			sourceTree = "<group>";
		};
		AD9751742927A7BE00785F97 /* pack */ = {
			isa = PBXGroup;
			children = (
				AD9751752927A7BE00785F97 /* packApp.swift */,
				AD9751772927A7BE00785F97 /* ContentView.swift */,
				AD9751792927A7BF00785F97 /* Assets.xcassets */,
				AD97517B2927A7BF00785F97 /* Preview Content */,
			);
			path = pack;
			sourceTree = "<group>";
		};
		AD97517B2927A7BF00785F97 /* Preview Content */ = {
			isa = PBXGroup;
			children = (
				AD97517C2927A7BF00785F97 /* Preview Assets.xcassets */,
			);
			path = "Preview Content";
			sourceTree = "<group>";
		};
		AD9751852927A7BF00785F97 /* packTests */ = {
			isa = PBXGroup;
			children = (
				AD9751862927A7BF00785F97 /* packTests.swift */,
			);
			path = packTests;
			sourceTree = "<group>";
		};
		AD97518F2927A7BF00785F97 /* packUITests */ = {
			isa = PBXGroup;
			children = (
				AD9751902927A7BF00785F97 /* packUITests.swift */,
				AD9751922927A7BF00785F97 /* packUITestsLaunchTests.swift */,
			);
			path = packUITests;
			sourceTree = "<group>";
		};
/* End PBXGroup section */

/* Begin PBXNativeTarget section */
		AD9751712927A7BE00785F97 /* pack */ = {
			isa = PBXNativeTarget;
			buildConfigurationList = AD9751962927A7BF00785F97 /* Build configuration list for PBXNativeTarget "pack" */;
			buildPhases = (
				AD97516E2927A7BE00785F97 /* Sources */,
				AD97516F2927A7BE00785F97 /* Frameworks */,
				AD9751702927A7BE00785F97 /* Resources */,
			);
			buildRules = (
			);
			dependencies = (
			);
			name = pack;
			productName = pack;
			productReference = AD9751722927A7BE00785F97 /* pack.app */;
			productType = "com.apple.product-type.application";
		};
		AD9751812927A7BF00785F97 /* packTests */ = {
			isa = PBXNativeTarget;
			buildConfigurationList = AD9751992927A7BF00785F97 /* Build configuration list for PBXNativeTarget "packTests" */;
			buildPhases = (
				AD97517E2927A7BF00785F97 /* Sources */,
				AD97517F2927A7BF00785F97 /* Frameworks */,
				AD9751802927A7BF00785F97 /* Resources */,
			);
			buildRules = (
			);
			dependencies = (
				AD9751842927A7BF00785F97 /* PBXTargetDependency */,
			);
			name = packTests;
			productName = packTests;
			productReference = AD9751822927A7BF00785F97 /* packTests.xctest */;
			productType = "com.apple.product-type.bundle.unit-test";
		};
		AD97518B2927A7BF00785F97 /* packUITests */ = {
			isa = PBXNativeTarget;
			buildConfigurationList = AD97519C2927A7BF00785F97 /* Build configuration list for PBXNativeTarget "packUITests" */;
			buildPhases = (
				AD9751882927A7BF00785F97 /* Sources */,
				AD9751892927A7BF00785F97 /* Frameworks */,
				AD97518A2927A7BF00785F97 /* Resources */,
			);
			buildRules = (
			);
			dependencies = (
				AD97518E2927A7BF00785F97 /* PBXTargetDependency */,
			);
			name = packUITests;
			productName = packUITests;
			productReference = AD97518C2927A7BF00785F97 /* packUITests.xctest */;
			productType = "com.apple.product-type.bundle.ui-testing";
		};
/* End PBXNativeTarget section */

/* Begin PBXProject section */
		AD97516A2927A7BE00785F97 /* Project object */ = {
			isa = PBXProject;
			attributes = {
				BuildIndependentTargetsInParallel = 1;
				LastSwiftUpdateCheck = 1410;
				LastUpgradeCheck = 1410;
				TargetAttributes = {
					AD9751712927A7BE00785F97 = {
						CreatedOnToolsVersion = 14.1;
					};
					AD9751812927A7BF00785F97 = {
						CreatedOnToolsVersion = 14.1;
						TestTargetID = AD9751712927A7BE00785F97;
					};
					AD97518B2927A7BF00785F97 = {
						CreatedOnToolsVersion = 14.1;
						TestTargetID = AD9751712927A7BE00785F97;
					};
				};
			};
			buildConfigurationList = AD97516D2927A7BE00785F97 /* Build configuration list for PBXProject "pack" */;
			compatibilityVersion = "Xcode 14.0";
			developmentRegion = en;
			hasScannedForEncodings = 0;
			knownRegions = (
				en,
				Base,
			);
			mainGroup = AD9751692927A7BE00785F97;
			productRefGroup = AD9751732927A7BE00785F97 /* Products */;
			projectDirPath = "";
			projectRoot = "";
			targets = (
				AD9751712927A7BE00785F97 /* pack */,
				AD9751812927A7BF00785F97 /* packTests */,
				AD97518B2927A7BF00785F97 /* packUITests */,
			);
		};
/* End PBXProject section */

/* Begin PBXResourcesBuildPhase section */
		AD9751702927A7BE00785F97 /* Resources */ = {
			isa = PBXResourcesBuildPhase;
			buildActionMask = 2147483647;
			files = (
				AD97517D2927A7BF00785F97 /* Preview Assets.xcassets in Resources */,
				AD97517A2927A7BF00785F97 /* Assets.xcassets in Resources */,
			);
			runOnlyForDeploymentPostprocessing = 0;
		};
		AD9751802927A7BF00785F97 /* Resources */ = {
			isa = PBXResourcesBuildPhase;
			buildActionMask = 2147483647;
			files = (
			);
			runOnlyForDeploymentPostprocessing = 0;
		};
		AD97518A2927A7BF00785F97 /* Resources */ = {
			isa = PBXResourcesBuildPhase;
			buildActionMask = 2147483647;
			files = (
			);
			runOnlyForDeploymentPostprocessing = 0;
		};
/* End PBXResourcesBuildPhase section */

/* Begin PBXSourcesBuildPhase section */
		AD97516E2927A7BE00785F97 /* Sources */ = {
			isa = PBXSourcesBuildPhase;
			buildActionMask = 2147483647;
			files = (
				AD9751782927A7BE00785F97 /* ContentView.swift in Sources */,
				AD9751762927A7BE00785F97 /* packApp.swift in Sources */,
			);
			runOnlyForDeploymentPostprocessing = 0;
		};
		AD97517E2927A7BF00785F97 /* Sources */ = {
			isa = PBXSourcesBuildPhase;
			buildActionMask = 2147483647;
			files = (
				AD9751872927A7BF00785F97 /* packTests.swift in Sources */,
			);
			runOnlyForDeploymentPostprocessing = 0;
		};
		AD9751882927A7BF00785F97 /* Sources */ = {
			isa = PBXSourcesBuildPhase;
			buildActionMask = 2147483647;
			files = (
				AD9751912927A7BF00785F97 /* packUITests.swift in Sources */,
				AD9751932927A7BF00785F97 /* packUITestsLaunchTests.swift in Sources */,
			);
			runOnlyForDeploymentPostprocessing = 0;
		};
/* End PBXSourcesBuildPhase section */

/* Begin PBXTargetDependency section */
		AD9751842927A7BF00785F97 /* PBXTargetDependency */ = {
			isa = PBXTargetDependency;
			target = AD9751712927A7BE00785F97 /* pack */;
			targetProxy = AD9751832927A7BF00785F97 /* PBXContainerItemProxy */;
		};
		AD97518E2927A7BF00785F97 /* PBXTargetDependency */ = {
			isa = PBXTargetDependency;
			target = AD9751712927A7BE00785F97 /* pack */;
			targetProxy = AD97518D2927A7BF00785F97 /* PBXContainerItemProxy */;
		};
/* End PBXTargetDependency section */

/* Begin XCBuildConfiguration section */
		AD9751942927A7BF00785F97 /* Debug */ = {
			isa = XCBuildConfiguration;
			buildSettings = {
				ALWAYS_SEARCH_USER_PATHS = NO;
				CLANG_ANALYZER_NONNULL = YES;
				CLANG_ANALYZER_NUMBER_OBJECT_CONVERSION = YES_AGGRESSIVE;
				CLANG_CXX_LANGUAGE_STANDARD = "gnu++20";
				CLANG_ENABLE_MODULES = YES;
				CLANG_ENABLE_OBJC_ARC = YES;
				CLANG_ENABLE_OBJC_WEAK = YES;
				CLANG_WARN_BLOCK_CAPTURE_AUTORELEASING = YES;
				CLANG_WARN_BOOL_CONVERSION = YES;
				CLANG_WARN_COMMA = YES;
				CLANG_WARN_CONSTANT_CONVERSION = YES;
				CLANG_WARN_DEPRECATED_OBJC_IMPLEMENTATIONS = YES;
				CLANG_WARN_DIRECT_OBJC_ISA_USAGE = YES_ERROR;
				CLANG_WARN_DOCUMENTATION_COMMENTS = YES;
				CLANG_WARN_EMPTY_BODY = YES;
				CLANG_WARN_ENUM_CONVERSION = YES;
				CLANG_WARN_INFINITE_RECURSION = YES;
				CLANG_WARN_INT_CONVERSION = YES;
				CLANG_WARN_NON_LITERAL_NULL_CONVERSION = YES;
				CLANG_WARN_OBJC_IMPLICIT_RETAIN_SELF = YES;
				CLANG_WARN_OBJC_LITERAL_CONVERSION = YES;
				CLANG_WARN_OBJC_ROOT_CLASS = YES_ERROR;
				CLANG_WARN_QUOTED_INCLUDE_IN_FRAMEWORK_HEADER = YES;
				CLANG_WARN_RANGE_LOOP_ANALYSIS = YES;
				CLANG_WARN_STRICT_PROTOTYPES = YES;
				CLANG_WARN_SUSPICIOUS_MOVE = YES;
				CLANG_WARN_UNGUARDED_AVAILABILITY = YES_AGGRESSIVE;
				CLANG_WARN_UNREACHABLE_CODE = YES;
				CLANG_WARN__DUPLICATE_METHOD_MATCH = YES;
				COPY_PHASE_STRIP = NO;
				DEBUG_INFORMATION_FORMAT = dwarf;
				ENABLE_STRICT_OBJC_MSGSEND = YES;
				ENABLE_TESTABILITY = YES;
				GCC_C_LANGUAGE_STANDARD = gnu11;
				GCC_DYNAMIC_NO_PIC = NO;
				GCC_NO_COMMON_BLOCKS = YES;
				GCC_OPTIMIZATION_LEVEL = 0;
				GCC_PREPROCESSOR_DEFINITIONS = (
					"DEBUG=1",
					"$(inherited)",
				);
				GCC_WARN_64_TO_32_BIT_CONVERSION = YES;
				GCC_WARN_ABOUT_RETURN_TYPE = YES_ERROR;
				GCC_WARN_UNDECLARED_SELECTOR = YES;
				GCC_WARN_UNINITIALIZED_AUTOS = YES_AGGRESSIVE;
				GCC_WARN_UNUSED_FUNCTION = YES;
				GCC_WARN_UNUSED_VARIABLE = YES;
				IPHONEOS_DEPLOYMENT_TARGET = 16.1;
				MTL_ENABLE_DEBUG_INFO = INCLUDE_SOURCE;
				MTL_FAST_MATH = YES;
				ONLY_ACTIVE_ARCH = YES;
				SDKROOT = iphoneos;
				SWIFT_ACTIVE_COMPILATION_CONDITIONS = DEBUG;
				SWIFT_OPTIMIZATION_LEVEL = "-Onone";
			};
			name = Debug;
		};
		AD9751952927A7BF00785F97 /* Release */ = {
			isa = XCBuildConfiguration;
			buildSettings = {
				ALWAYS_SEARCH_USER_PATHS = NO;
				CLANG_ANALYZER_NONNULL = YES;
				CLANG_ANALYZER_NUMBER_OBJECT_CONVERSION = YES_AGGRESSIVE;
				CLANG_CXX_LANGUAGE_STANDARD = "gnu++20";
				CLANG_ENABLE_MODULES = YES;
				CLANG_ENABLE_OBJC_ARC = YES;
				CLANG_ENABLE_OBJC_WEAK = YES;
				CLANG_WARN_BLOCK_CAPTURE_AUTORELEASING = YES;
				CLANG_WARN_BOOL_CONVERSION = YES;
				CLANG_WARN_COMMA = YES;
				CLANG_WARN_CONSTANT_CONVERSION = YES;
				CLANG_WARN_DEPRECATED_OBJC_IMPLEMENTATIONS = YES;
				CLANG_WARN_DIRECT_OBJC_ISA_USAGE = YES_ERROR;
				CLANG_WARN_DOCUMENTATION_COMMENTS = YES;
				CLANG_WARN_EMPTY_BODY = YES;
				CLANG_WARN_ENUM_CONVERSION = YES;
				CLANG_WARN_INFINITE_RECURSION = YES;
				CLANG_WARN_INT_CONVERSION = YES;
				CLANG_WARN_NON_LITERAL_NULL_CONVERSION = YES;
				CLANG_WARN_OBJC_IMPLICIT_RETAIN_SELF = YES;
				CLANG_WARN_OBJC_LITERAL_CONVERSION = YES;
				CLANG_WARN_OBJC_ROOT_CLASS = YES_ERROR;
				CLANG_WARN_QUOTED_INCLUDE_IN_FRAMEWORK_HEADER = YES;
				CLANG_WARN_RANGE_LOOP_ANALYSIS = YES;
				CLANG_WARN_STRICT_PROTOTYPES = YES;
				CLANG_WARN_SUSPICIOUS_MOVE = YES;
				CLANG_WARN_UNGUARDED_AVAILABILITY = YES_AGGRESSIVE;
				CLANG_WARN_UNREACHABLE_CODE = YES;
				CLANG_WARN__DUPLICATE_METHOD_MATCH = YES;
				COPY_PHASE_STRIP = NO;
				DEBUG_INFORMATION_FORMAT = "dwarf-with-dsym";
				ENABLE_NS_ASSERTIONS = NO;
				ENABLE_STRICT_OBJC_MSGSEND = YES;
				GCC_C_LANGUAGE_STANDARD = gnu11;
				GCC_NO_COMMON_BLOCKS = YES;
				GCC_WARN_64_TO_32_BIT_CONVERSION = YES;
				GCC_WARN_ABOUT_RETURN_TYPE = YES_ERROR;
				GCC_WARN_UNDECLARED_SELECTOR = YES;
				GCC_WARN_UNINITIALIZED_AUTOS = YES_AGGRESSIVE;
				GCC_WARN_UNUSED_FUNCTION = YES;
				GCC_WARN_UNUSED_VARIABLE = YES;
				IPHONEOS_DEPLOYMENT_TARGET = 16.1;
				MTL_ENABLE_DEBUG_INFO = NO;
				MTL_FAST_MATH = YES;
				SDKROOT = iphoneos;
				SWIFT_COMPILATION_MODE = wholemodule;
				SWIFT_OPTIMIZATION_LEVEL = "-O";
				VALIDATE_PRODUCT = YES;
			};
			name = Release;
		};
		AD9751972927A7BF00785F97 /* Debug */ = {
			isa = XCBuildConfiguration;
			buildSettings = {
				ASSETCATALOG_COMPILER_APPICON_NAME = AppIcon;
				ASSETCATALOG_COMPILER_GLOBAL_ACCENT_COLOR_NAME = AccentColor;
				CODE_SIGN_STYLE = Automatic;
				CURRENT_PROJECT_VERSION = 1;
				DEVELOPMENT_ASSET_PATHS = "\"pack/Preview Content\"";
				ENABLE_PREVIEWS = YES;
				GENERATE_INFOPLIST_FILE = YES;
				INFOPLIST_KEY_UIApplicationSceneManifest_Generation = YES;
				INFOPLIST_KEY_UIApplicationSupportsIndirectInputEvents = YES;
				INFOPLIST_KEY_UILaunchScreen_Generation = YES;
				INFOPLIST_KEY_UISupportedInterfaceOrientations_iPad = "UIInterfaceOrientationPortrait UIInterfaceOrientationPortraitUpsideDown UIInterfaceOrientationLandscapeLeft UIInterfaceOrientationLandscapeRight";
				INFOPLIST_KEY_UISupportedInterfaceOrientations_iPhone = "UIInterfaceOrientationPortrait UIInterfaceOrientationLandscapeLeft UIInterfaceOrientationLandscapeRight";
				LD_RUNPATH_SEARCH_PATHS = (
					"$(inherited)",
					"@executable_path/Frameworks",
				);
				MARKETING_VERSION = 1.0;
				PRODUCT_BUNDLE_IDENTIFIER = Leebumju.pack;
				PRODUCT_NAME = "$(TARGET_NAME)";
				SWIFT_EMIT_LOC_STRINGS = YES;
				SWIFT_VERSION = 5.0;
				TARGETED_DEVICE_FAMILY = "1,2";
			};
			name = Debug;
		};
		AD9751982927A7BF00785F97 /* Release */ = {
			isa = XCBuildConfiguration;
			buildSettings = {
				ASSETCATALOG_COMPILER_APPICON_NAME = AppIcon;
				ASSETCATALOG_COMPILER_GLOBAL_ACCENT_COLOR_NAME = AccentColor;
				CODE_SIGN_STYLE = Automatic;
				CURRENT_PROJECT_VERSION = 1;
				DEVELOPMENT_ASSET_PATHS = "\"pack/Preview Content\"";
				ENABLE_PREVIEWS = YES;
				GENERATE_INFOPLIST_FILE = YES;
				INFOPLIST_KEY_UIApplicationSceneManifest_Generation = YES;
				INFOPLIST_KEY_UIApplicationSupportsIndirectInputEvents = YES;
				INFOPLIST_KEY_UILaunchScreen_Generation = YES;
				INFOPLIST_KEY_UISupportedInterfaceOrientations_iPad = "UIInterfaceOrientationPortrait UIInterfaceOrientationPortraitUpsideDown UIInterfaceOrientationLandscapeLeft UIInterfaceOrientationLandscapeRight";
				INFOPLIST_KEY_UISupportedInterfaceOrientations_iPhone = "UIInterfaceOrientationPortrait UIInterfaceOrientationLandscapeLeft UIInterfaceOrientationLandscapeRight";
				LD_RUNPATH_SEARCH_PATHS = (
					"$(inherited)",
					"@executable_path/Frameworks",
				);
				MARKETING_VERSION = 1.0;
				PRODUCT_BUNDLE_IDENTIFIER = Leebumju.pack;
				PRODUCT_NAME = "$(TARGET_NAME)";
				SWIFT_EMIT_LOC_STRINGS = YES;
				SWIFT_VERSION = 5.0;
				TARGETED_DEVICE_FAMILY = "1,2";
			};
			name = Release;
		};
		AD97519A2927A7BF00785F97 /* Debug */ = {
			isa = XCBuildConfiguration;
			buildSettings = {
				ALWAYS_EMBED_SWIFT_STANDARD_LIBRARIES = YES;
				BUNDLE_LOADER = "$(TEST_HOST)";
				CODE_SIGN_STYLE = Automatic;
				CURRENT_PROJECT_VERSION = 1;
				GENERATE_INFOPLIST_FILE = YES;
				IPHONEOS_DEPLOYMENT_TARGET = 16.1;
				MARKETING_VERSION = 1.0;
				PRODUCT_BUNDLE_IDENTIFIER = Leebumju.packTests;
				PRODUCT_NAME = "$(TARGET_NAME)";
				SWIFT_EMIT_LOC_STRINGS = NO;
				SWIFT_VERSION = 5.0;
				TARGETED_DEVICE_FAMILY = "1,2";
				TEST_HOST = "$(BUILT_PRODUCTS_DIR)/pack.app/$(BUNDLE_EXECUTABLE_FOLDER_PATH)/pack";
			};
			name = Debug;
		};
		AD97519B2927A7BF00785F97 /* Release */ = {
			isa = XCBuildConfiguration;
			buildSettings = {
				ALWAYS_EMBED_SWIFT_STANDARD_LIBRARIES = YES;
				BUNDLE_LOADER = "$(TEST_HOST)";
				CODE_SIGN_STYLE = Automatic;
				CURRENT_PROJECT_VERSION = 1;
				GENERATE_INFOPLIST_FILE = YES;
				IPHONEOS_DEPLOYMENT_TARGET = 16.1;
				MARKETING_VERSION = 1.0;
				PRODUCT_BUNDLE_IDENTIFIER = Leebumju.packTests;
				PRODUCT_NAME = "$(TARGET_NAME)";
				SWIFT_EMIT_LOC_STRINGS = NO;
				SWIFT_VERSION = 5.0;
				TARGETED_DEVICE_FAMILY = "1,2";
				TEST_HOST = "$(BUILT_PRODUCTS_DIR)/pack.app/$(BUNDLE_EXECUTABLE_FOLDER_PATH)/pack";
			};
			name = Release;
		};
		AD97519D2927A7BF00785F97 /* Debug */ = {
			isa = XCBuildConfiguration;
			buildSettings = {
				ALWAYS_EMBED_SWIFT_STANDARD_LIBRARIES = YES;
				CODE_SIGN_STYLE = Automatic;
				CURRENT_PROJECT_VERSION = 1;
				GENERATE_INFOPLIST_FILE = YES;
				MARKETING_VERSION = 1.0;
				PRODUCT_BUNDLE_IDENTIFIER = Leebumju.packUITests;
				PRODUCT_NAME = "$(TARGET_NAME)";
				SWIFT_EMIT_LOC_STRINGS = NO;
				SWIFT_VERSION = 5.0;
				TARGETED_DEVICE_FAMILY = "1,2";
				TEST_TARGET_NAME = pack;
			};
			name = Debug;
		};
		AD97519E2927A7BF00785F97 /* Release */ = {
			isa = XCBuildConfiguration;
			buildSettings = {
				ALWAYS_EMBED_SWIFT_STANDARD_LIBRARIES = YES;
				CODE_SIGN_STYLE = Automatic;
				CURRENT_PROJECT_VERSION = 1;
				GENERATE_INFOPLIST_FILE = YES;
				MARKETING_VERSION = 1.0;
				PRODUCT_BUNDLE_IDENTIFIER = Leebumju.packUITests;
				PRODUCT_NAME = "$(TARGET_NAME)";
				SWIFT_EMIT_LOC_STRINGS = NO;
				SWIFT_VERSION = 5.0;
				TARGETED_DEVICE_FAMILY = "1,2";
				TEST_TARGET_NAME = pack;
			};
			name = Release;
		};
/* End XCBuildConfiguration section */

/* Begin XCConfigurationList section */
		AD97516D2927A7BE00785F97 /* Build configuration list for PBXProject "pack" */ = {
			isa = XCConfigurationList;
			buildConfigurations = (
				AD9751942927A7BF00785F97 /* Debug */,
				AD9751952927A7BF00785F97 /* Release */,
			);
			defaultConfigurationIsVisible = 0;
			defaultConfigurationName = Release;
		};
		AD9751962927A7BF00785F97 /* Build configuration list for PBXNativeTarget "pack" */ = {
			isa = XCConfigurationList;
			buildConfigurations = (
				AD9751972927A7BF00785F97 /* Debug */,
				AD9751982927A7BF00785F97 /* Release */,
			);
			defaultConfigurationIsVisible = 0;
			defaultConfigurationName = Release;
		};
		AD9751992927A7BF00785F97 /* Build configuration list for PBXNativeTarget "packTests" */ = {
			isa = XCConfigurationList;
			buildConfigurations = (
				AD97519A2927A7BF00785F97 /* Debug */,
				AD97519B2927A7BF00785F97 /* Release */,
			);
			defaultConfigurationIsVisible = 0;
			defaultConfigurationName = Release;
		};
		AD97519C2927A7BF00785F97 /* Build configuration list for PBXNativeTarget "packUITests" */ = {
			isa = XCConfigurationList;
			buildConfigurations = (
				AD97519D2927A7BF00785F97 /* Debug */,
				AD97519E2927A7BF00785F97 /* Release */,
			);
			defaultConfigurationIsVisible = 0;
			defaultConfigurationName = Release;
		};
/* End XCConfigurationList section */
	};
	rootObject = AD97516A2927A7BE00785F97 /* Project object */;
}
